
Microsoft Visual Studio Solution File, Format Version 12.00
# Visual Studio Version 16
VisualStudioVersion = 16.0.31424.327
MinimumVisualStudioVersion = 10.0.40219.1
Project("{FAE04EC0-301F-11D3-BF4B-00C04F79EFBC}") = "WpfBasics", "WpfBasics.csproj", "{8792CFD0-4821-42C3-B306-0D896A17D9D3}"
EndProject
Global
	GlobalSection(SolutionConfigurationPlatforms) = preSolution
		Debug|Any CPU = Debug|Any CPU
		Release|Any CPU = Release|Any CPU
	EndGlobalSection
	GlobalSection(ProjectConfigurationPlatforms) = postSolution
		{8792CFD0-4821-42C3-B306-0D896A17D9D3}.Debug|Any CPU.ActiveCfg = Debug|Any CPU
		{8792CFD0-4821-42C3-B306-0D896A17D9D3}.Debug|Any CPU.Build.0 = Debug|Any CPU
		{8792CFD0-4821-42C3-B306-0D896A17D9D3}.Release|Any CPU.ActiveCfg = Release|Any CPU
		{8792CFD0-4821-42C3-B306-0D896A17D9D3}.Release|Any CPU.Build.0 = Release|Any CPU
	EndGlobalSection
	GlobalSection(SolutionProperties) = preSolution
		HideSolutionNode = FALSE
	EndGlobalSection
	GlobalSection(ExtensibilityGlobals) = postSolution
		SolutionGuid = {9218155A-E877-49A6-B4E5-DD44C0BA0180}
	EndGlobalSection
EndGlobal
